schema: '2.0'
stages:
  preparar:
    cmd: python datos.py
    deps:
    - path: datos.py
      hash: md5
      md5: 45d8656b17f8fec2ecc481b8ac1dcfc8
      size: 723
    params:
      params.yaml:
        datos.n: 1000
        datos.seed: 42
    outs:
    - path: empleados.csv
      hash: md5
      md5: 8228f876a302a7ffc2ee88b77d07764e
      size: 15039
  entrenar:
    cmd: python entrenar.py
    deps:
    - path: empleados.csv
      hash: md5
      md5: 8228f876a302a7ffc2ee88b77d07764e
      size: 15039
    - path: entrenar.py
      hash: md5
      md5: 4c6a76fe8931e4d0c14da4ed906eae0f
      size: 1100
    params:
      params.yaml:
        entrenar.n_estimators: 50
        entrenar.random_state: 42
        entrenar.test_size: 0.2
    outs:
    - path: metrics.json
      hash: md5
      md5: c696e39045a442023288a8cf0a106f38
      size: 54
    - path: modelo.pkl
      hash: md5
      md5: 208df1aefc428705cd8794681b1f8ecc
      size: 744025
