schema: '2.0'
stages:
  preparar:
    cmd: python datos.py
    deps:
    - path: datos.py
      hash: md5
      md5: 45d8656b17f8fec2ecc481b8ac1dcfc8
      size: 723
    params:
      params.yaml:
        datos.n: 1000
        datos.seed: 42
    outs:
    - path: empleados.csv
      hash: md5
      md5: 8228f876a302a7ffc2ee88b77d07764e
      size: 15039
  entrenar:
    cmd: python entrenar.py
    deps:
    - path: empleados.csv
      hash: md5
      md5: 8228f876a302a7ffc2ee88b77d07764e
      size: 15039
    - path: entrenar.py
      hash: md5
      md5: 0bd8772e0db9aa75e362660f1fb1fe79
      size: 903
    params:
      params.yaml:
        entrenar.n_estimators: 100
        entrenar.random_state: 42
        entrenar.test_size: 0.2
    outs:
    - path: metrics.json
      hash: md5
      md5: be8f69f7ba7d8f52f1108c60fd89251a
      size: 18
    - path: modelo.pkl
      hash: md5
      md5: 619a3a6a5ba7997e2d984e578b68b609
      size: 1479225
